
Microsoft Visual Studio Solution File, Format Version 12.00
# Visual Studio 15
VisualStudioVersion = 15.0.26430.13
MinimumVisualStudioVersion = 10.0.40219.1
Project("{FAE04EC0-301F-11D3-BF4B-00C04F79EFBC}") = "02. Black Box Integer", "02. Black Box Integer\02. Black Box Integer.csproj", "{C3E82DCC-F6D6-44D8-B566-FD25BBE5B01A}"
EndProject
Global
	GlobalSection(SolutionConfigurationPlatforms) = preSolution
		Debug|Any CPU = Debug|Any CPU
		Release|Any CPU = Release|Any CPU
	EndGlobalSection
	GlobalSection(ProjectConfigurationPlatforms) = postSolution
		{C3E82DCC-F6D6-44D8-B566-FD25BBE5B01A}.Debug|Any CPU.ActiveCfg = Debug|Any CPU
		{C3E82DCC-F6D6-44D8-B566-FD25BBE5B01A}.Debug|Any CPU.Build.0 = Debug|Any CPU
		{C3E82DCC-F6D6-44D8-B566-FD25BBE5B01A}.Release|Any CPU.ActiveCfg = Release|Any CPU
		{C3E82DCC-F6D6-44D8-B566-FD25BBE5B01A}.Release|Any CPU.Build.0 = Release|Any CPU
	EndGlobalSection
	GlobalSection(SolutionProperties) = preSolution
		HideSolutionNode = FALSE
	EndGlobalSection
EndGlobal
