
Microsoft Visual Studio Solution File, Format Version 12.00
# Visual Studio 15
VisualStudioVersion = 15.0.26730.16
MinimumVisualStudioVersion = 10.0.40219.1
Project("{FAE04EC0-301F-11D3-BF4B-00C04F79EFBC}") = "WebServer", "WebServer\WebServer.csproj", "{92376C3C-0B59-45E1-82EA-5A1CB0B33F44}"
EndProject
Global
	GlobalSection(SolutionConfigurationPlatforms) = preSolution
		Debug|Any CPU = Debug|Any CPU
		Release|Any CPU = Release|Any CPU
	EndGlobalSection
	GlobalSection(ProjectConfigurationPlatforms) = postSolution
		{92376C3C-0B59-45E1-82EA-5A1CB0B33F44}.Debug|Any CPU.ActiveCfg = Debug|Any CPU
		{92376C3C-0B59-45E1-82EA-5A1CB0B33F44}.Debug|Any CPU.Build.0 = Debug|Any CPU
		{92376C3C-0B59-45E1-82EA-5A1CB0B33F44}.Release|Any CPU.ActiveCfg = Release|Any CPU
		{92376C3C-0B59-45E1-82EA-5A1CB0B33F44}.Release|Any CPU.Build.0 = Release|Any CPU
	EndGlobalSection
	GlobalSection(SolutionProperties) = preSolution
		HideSolutionNode = FALSE
	EndGlobalSection
	GlobalSection(ExtensibilityGlobals) = postSolution
		SolutionGuid = {4418083E-9B55-41B8-A033-53638AFD4824}
	EndGlobalSection
EndGlobal
