
Microsoft Visual Studio Solution File, Format Version 12.00
# Visual Studio 15
VisualStudioVersion = 15.0.26430.13
MinimumVisualStudioVersion = 10.0.40219.1
Project("{FAE04EC0-301F-11D3-BF4B-00C04F79EFBC}") = "04. Shopping Spree", "04. Shopping Spree\04. Shopping Spree.csproj", "{9C70E9F8-8477-4B24-8341-2C63FACFD98F}"
EndProject
Global
	GlobalSection(SolutionConfigurationPlatforms) = preSolution
		Debug|Any CPU = Debug|Any CPU
		Release|Any CPU = Release|Any CPU
	EndGlobalSection
	GlobalSection(ProjectConfigurationPlatforms) = postSolution
		{9C70E9F8-8477-4B24-8341-2C63FACFD98F}.Debug|Any CPU.ActiveCfg = Debug|Any CPU
		{9C70E9F8-8477-4B24-8341-2C63FACFD98F}.Debug|Any CPU.Build.0 = Debug|Any CPU
		{9C70E9F8-8477-4B24-8341-2C63FACFD98F}.Release|Any CPU.ActiveCfg = Release|Any CPU
		{9C70E9F8-8477-4B24-8341-2C63FACFD98F}.Release|Any CPU.Build.0 = Release|Any CPU
	EndGlobalSection
	GlobalSection(SolutionProperties) = preSolution
		HideSolutionNode = FALSE
	EndGlobalSection
EndGlobal
