
Microsoft Visual Studio Solution File, Format Version 12.00
# Visual Studio 15
VisualStudioVersion = 15.0.26730.16
MinimumVisualStudioVersion = 10.0.40219.1
Project("{FAE04EC0-301F-11D3-BF4B-00C04F79EFBC}") = "02. One-to-Many", "02. One-to-Many\02. One-to-Many.csproj", "{C5BC13CF-3EC5-4F4F-89EB-9C171C9122E6}"
EndProject
Global
	GlobalSection(SolutionConfigurationPlatforms) = preSolution
		Debug|Any CPU = Debug|Any CPU
		Release|Any CPU = Release|Any CPU
	EndGlobalSection
	GlobalSection(ProjectConfigurationPlatforms) = postSolution
		{C5BC13CF-3EC5-4F4F-89EB-9C171C9122E6}.Debug|Any CPU.ActiveCfg = Debug|Any CPU
		{C5BC13CF-3EC5-4F4F-89EB-9C171C9122E6}.Debug|Any CPU.Build.0 = Debug|Any CPU
		{C5BC13CF-3EC5-4F4F-89EB-9C171C9122E6}.Release|Any CPU.ActiveCfg = Release|Any CPU
		{C5BC13CF-3EC5-4F4F-89EB-9C171C9122E6}.Release|Any CPU.Build.0 = Release|Any CPU
	EndGlobalSection
	GlobalSection(SolutionProperties) = preSolution
		HideSolutionNode = FALSE
	EndGlobalSection
	GlobalSection(ExtensibilityGlobals) = postSolution
		SolutionGuid = {025F2F37-2DB2-420F-B93F-4C7B39E38606}
	EndGlobalSection
EndGlobal
