
Microsoft Visual Studio Solution File, Format Version 12.00
# Visual Studio 15
VisualStudioVersion = 15.0.26730.16
MinimumVisualStudioVersion = 10.0.40219.1
Project("{FAE04EC0-301F-11D3-BF4B-00C04F79EFBC}") = "05. ShopHierarchy", "05. ShopHierarchy\05. ShopHierarchy.csproj", "{FBAF3680-C32C-4C20-91F6-53AA56B8E064}"
EndProject
Global
	GlobalSection(SolutionConfigurationPlatforms) = preSolution
		Debug|Any CPU = Debug|Any CPU
		Release|Any CPU = Release|Any CPU
	EndGlobalSection
	GlobalSection(ProjectConfigurationPlatforms) = postSolution
		{FBAF3680-C32C-4C20-91F6-53AA56B8E064}.Debug|Any CPU.ActiveCfg = Debug|Any CPU
		{FBAF3680-C32C-4C20-91F6-53AA56B8E064}.Debug|Any CPU.Build.0 = Debug|Any CPU
		{FBAF3680-C32C-4C20-91F6-53AA56B8E064}.Release|Any CPU.ActiveCfg = Release|Any CPU
		{FBAF3680-C32C-4C20-91F6-53AA56B8E064}.Release|Any CPU.Build.0 = Release|Any CPU
	EndGlobalSection
	GlobalSection(SolutionProperties) = preSolution
		HideSolutionNode = FALSE
	EndGlobalSection
	GlobalSection(ExtensibilityGlobals) = postSolution
		SolutionGuid = {5A6CA4B6-654C-40CA-8245-135C9A133ABF}
	EndGlobalSection
EndGlobal
