
Microsoft Visual Studio Solution File, Format Version 12.00
# Visual Studio 15
VisualStudioVersion = 15.0.26730.16
MinimumVisualStudioVersion = 10.0.40219.1
Project("{FAE04EC0-301F-11D3-BF4B-00C04F79EFBC}") = "04. Many-to-Many", "04. Many-to-Many\04. Many-to-Many.csproj", "{A0FA1E69-F1B5-4EFA-B066-D6AF278B832D}"
EndProject
Global
	GlobalSection(SolutionConfigurationPlatforms) = preSolution
		Debug|Any CPU = Debug|Any CPU
		Release|Any CPU = Release|Any CPU
	EndGlobalSection
	GlobalSection(ProjectConfigurationPlatforms) = postSolution
		{A0FA1E69-F1B5-4EFA-B066-D6AF278B832D}.Debug|Any CPU.ActiveCfg = Debug|Any CPU
		{A0FA1E69-F1B5-4EFA-B066-D6AF278B832D}.Debug|Any CPU.Build.0 = Debug|Any CPU
		{A0FA1E69-F1B5-4EFA-B066-D6AF278B832D}.Release|Any CPU.ActiveCfg = Release|Any CPU
		{A0FA1E69-F1B5-4EFA-B066-D6AF278B832D}.Release|Any CPU.Build.0 = Release|Any CPU
	EndGlobalSection
	GlobalSection(SolutionProperties) = preSolution
		HideSolutionNode = FALSE
	EndGlobalSection
	GlobalSection(ExtensibilityGlobals) = postSolution
		SolutionGuid = {4BDEB5B3-6514-4AD5-8396-2C1FCE88809B}
	EndGlobalSection
EndGlobal
