
Microsoft Visual Studio Solution File, Format Version 12.00
# Visual Studio 15
VisualStudioVersion = 15.0.26730.16
MinimumVisualStudioVersion = 10.0.40219.1
Project("{FAE04EC0-301F-11D3-BF4B-00C04F79EFBC}") = "02. Slice File", "02. Slice File\02. Slice File.csproj", "{383C41C5-8293-4974-BA4C-0D5391A7282B}"
EndProject
Global
	GlobalSection(SolutionConfigurationPlatforms) = preSolution
		Debug|Any CPU = Debug|Any CPU
		Release|Any CPU = Release|Any CPU
	EndGlobalSection
	GlobalSection(ProjectConfigurationPlatforms) = postSolution
		{383C41C5-8293-4974-BA4C-0D5391A7282B}.Debug|Any CPU.ActiveCfg = Debug|Any CPU
		{383C41C5-8293-4974-BA4C-0D5391A7282B}.Debug|Any CPU.Build.0 = Debug|Any CPU
		{383C41C5-8293-4974-BA4C-0D5391A7282B}.Release|Any CPU.ActiveCfg = Release|Any CPU
		{383C41C5-8293-4974-BA4C-0D5391A7282B}.Release|Any CPU.Build.0 = Release|Any CPU
	EndGlobalSection
	GlobalSection(SolutionProperties) = preSolution
		HideSolutionNode = FALSE
	EndGlobalSection
	GlobalSection(ExtensibilityGlobals) = postSolution
		SolutionGuid = {FE8929DC-4102-4A62-8E41-B8F76742042E}
	EndGlobalSection
EndGlobal
